
Microsoft Visual Studio Solution File, Format Version 12.00
# Visual Studio Version 17
VisualStudioVersion = 17.8.34408.163
MinimumVisualStudioVersion = 10.0.40219.1
Project("{FAE04EC0-301F-11D3-BF4B-00C04F79EFBC}") = "Basalt.Framework.Logging", "Basalt.Framework.Logging\Basalt.Framework.Logging.csproj", "{0372EBBC-2B9D-47F1-B31E-DAE8B77353E3}"
EndProject
Global
	GlobalSection(SolutionConfigurationPlatforms) = preSolution
		Debug|Any CPU = Debug|Any CPU
		Release|Any CPU = Release|Any CPU
	EndGlobalSection
	GlobalSection(ProjectConfigurationPlatforms) = postSolution
		{0372EBBC-2B9D-47F1-B31E-DAE8B77353E3}.Debug|Any CPU.ActiveCfg = Debug|Any CPU
		{0372EBBC-2B9D-47F1-B31E-DAE8B77353E3}.Debug|Any CPU.Build.0 = Debug|Any CPU
		{0372EBBC-2B9D-47F1-B31E-DAE8B77353E3}.Release|Any CPU.ActiveCfg = Release|Any CPU
		{0372EBBC-2B9D-47F1-B31E-DAE8B77353E3}.Release|Any CPU.Build.0 = Release|Any CPU
	EndGlobalSection
	GlobalSection(SolutionProperties) = preSolution
		HideSolutionNode = FALSE
	EndGlobalSection
	GlobalSection(ExtensibilityGlobals) = postSolution
		SolutionGuid = {B08A128D-29CF-41B1-AE94-667EC0BD5D4F}
	EndGlobalSection
EndGlobal
